
Microsoft Visual Studio Solution File, Format Version 12.00
# Visual Studio Version 17
VisualStudioVersion = 17.2.32630.192
MinimumVisualStudioVersion = 10.0.40219.1
Project("{8BC9CEB8-8B4A-11D0-8D11-00A0C91BC942}") = "snake4", "snake4.vcxproj", "{86B2429A-B329-4194-9B65-5FCEA9B12B7A}"
EndProject
Global
	GlobalSection(SolutionConfigurationPlatforms) = preSolution
		Debug Dynamic|x64 = Debug Dynamic|x64
		Debug Dynamic|x86 = Debug Dynamic|x86
		Debug Static|x64 = Debug Static|x64
		Debug Static|x86 = Debug Static|x86
		Release Dynamic|x64 = Release Dynamic|x64
		Release Dynamic|x86 = Release Dynamic|x86
		Release Static|x64 = Release Static|x64
		Release Static|x86 = Release Static|x86
	EndGlobalSection
	GlobalSection(ProjectConfigurationPlatforms) = postSolution
		{86B2429A-B329-4194-9B65-5FCEA9B12B7A}.Debug Dynamic|x64.ActiveCfg = Debug Dynamic|x64
		{86B2429A-B329-4194-9B65-5FCEA9B12B7A}.Debug Dynamic|x64.Build.0 = Debug Dynamic|x64
		{86B2429A-B329-4194-9B65-5FCEA9B12B7A}.Debug Dynamic|x86.ActiveCfg = Debug Dynamic|Win32
		{86B2429A-B329-4194-9B65-5FCEA9B12B7A}.Debug Dynamic|x86.Build.0 = Debug Dynamic|Win32
		{86B2429A-B329-4194-9B65-5FCEA9B12B7A}.Debug Static|x64.ActiveCfg = Debug Static|x64
		{86B2429A-B329-4194-9B65-5FCEA9B12B7A}.Debug Static|x64.Build.0 = Debug Static|x64
		{86B2429A-B329-4194-9B65-5FCEA9B12B7A}.Debug Static|x86.ActiveCfg = Debug Static|Win32
		{86B2429A-B329-4194-9B65-5FCEA9B12B7A}.Debug Static|x86.Build.0 = Debug Static|Win32
		{86B2429A-B329-4194-9B65-5FCEA9B12B7A}.Release Dynamic|x64.ActiveCfg = Release Dynamic|x64
		{86B2429A-B329-4194-9B65-5FCEA9B12B7A}.Release Dynamic|x64.Build.0 = Release Dynamic|x64
		{86B2429A-B329-4194-9B65-5FCEA9B12B7A}.Release Dynamic|x86.ActiveCfg = Release Dynamic|Win32
		{86B2429A-B329-4194-9B65-5FCEA9B12B7A}.Release Dynamic|x86.Build.0 = Release Dynamic|Win32
		{86B2429A-B329-4194-9B65-5FCEA9B12B7A}.Release Static|x64.ActiveCfg = Release Static|x64
		{86B2429A-B329-4194-9B65-5FCEA9B12B7A}.Release Static|x64.Build.0 = Release Static|x64
		{86B2429A-B329-4194-9B65-5FCEA9B12B7A}.Release Static|x86.ActiveCfg = Release Static|Win32
		{86B2429A-B329-4194-9B65-5FCEA9B12B7A}.Release Static|x86.Build.0 = Release Static|Win32
	EndGlobalSection
	GlobalSection(SolutionProperties) = preSolution
		HideSolutionNode = FALSE
	EndGlobalSection
	GlobalSection(ExtensibilityGlobals) = postSolution
		SolutionGuid = {8A597D2D-0046-4832-BC0A-1DC81DA61B35}
	EndGlobalSection
EndGlobal
